
Microsoft Visual Studio Solution File, Format Version 12.00
# Visual Studio 15
VisualStudioVersion = 15.0.26124.0
MinimumVisualStudioVersion = 15.0.26124.0
Project("{2150E333-8FDC-42A3-9474-1A3956D46DE8}") = "src", "src", "{A052E09A-0E77-41AB-8D73-6455F4AAFCF8}"
EndProject
Project("{FAE04EC0-301F-11D3-BF4B-00C04F79EFBC}") = "GradeBook", "src\GradeBook\GradeBook.csproj", "{B50A3A9D-A7A7-4BA3-AB63-742DEABFD501}"
EndProject
Project("{2150E333-8FDC-42A3-9474-1A3956D46DE8}") = "test", "test", "{E3D8C2CB-DFEC-40C2-A4A0-0F03368F09AE}"
EndProject
Project("{FAE04EC0-301F-11D3-BF4B-00C04F79EFBC}") = "GradeBook.Tests", "test\GradeBook.Tests\GradeBook.Tests.csproj", "{6997DBF5-B517-4FE8-834E-EE065FC7C106}"
EndProject
Global
	GlobalSection(SolutionConfigurationPlatforms) = preSolution
		Debug|Any CPU = Debug|Any CPU
		Debug|x64 = Debug|x64
		Debug|x86 = Debug|x86
		Release|Any CPU = Release|Any CPU
		Release|x64 = Release|x64
		Release|x86 = Release|x86
	EndGlobalSection
	GlobalSection(SolutionProperties) = preSolution
		HideSolutionNode = FALSE
	EndGlobalSection
	GlobalSection(ProjectConfigurationPlatforms) = postSolution
		{B50A3A9D-A7A7-4BA3-AB63-742DEABFD501}.Debug|Any CPU.ActiveCfg = Debug|Any CPU
		{B50A3A9D-A7A7-4BA3-AB63-742DEABFD501}.Debug|Any CPU.Build.0 = Debug|Any CPU
		{B50A3A9D-A7A7-4BA3-AB63-742DEABFD501}.Debug|x64.ActiveCfg = Debug|Any CPU
		{B50A3A9D-A7A7-4BA3-AB63-742DEABFD501}.Debug|x64.Build.0 = Debug|Any CPU
		{B50A3A9D-A7A7-4BA3-AB63-742DEABFD501}.Debug|x86.ActiveCfg = Debug|Any CPU
		{B50A3A9D-A7A7-4BA3-AB63-742DEABFD501}.Debug|x86.Build.0 = Debug|Any CPU
		{B50A3A9D-A7A7-4BA3-AB63-742DEABFD501}.Release|Any CPU.ActiveCfg = Release|Any CPU
		{B50A3A9D-A7A7-4BA3-AB63-742DEABFD501}.Release|Any CPU.Build.0 = Release|Any CPU
		{B50A3A9D-A7A7-4BA3-AB63-742DEABFD501}.Release|x64.ActiveCfg = Release|Any CPU
		{B50A3A9D-A7A7-4BA3-AB63-742DEABFD501}.Release|x64.Build.0 = Release|Any CPU
		{B50A3A9D-A7A7-4BA3-AB63-742DEABFD501}.Release|x86.ActiveCfg = Release|Any CPU
		{B50A3A9D-A7A7-4BA3-AB63-742DEABFD501}.Release|x86.Build.0 = Release|Any CPU
		{6997DBF5-B517-4FE8-834E-EE065FC7C106}.Debug|Any CPU.ActiveCfg = Debug|Any CPU
		{6997DBF5-B517-4FE8-834E-EE065FC7C106}.Debug|Any CPU.Build.0 = Debug|Any CPU
		{6997DBF5-B517-4FE8-834E-EE065FC7C106}.Debug|x64.ActiveCfg = Debug|Any CPU
		{6997DBF5-B517-4FE8-834E-EE065FC7C106}.Debug|x64.Build.0 = Debug|Any CPU
		{6997DBF5-B517-4FE8-834E-EE065FC7C106}.Debug|x86.ActiveCfg = Debug|Any CPU
		{6997DBF5-B517-4FE8-834E-EE065FC7C106}.Debug|x86.Build.0 = Debug|Any CPU
		{6997DBF5-B517-4FE8-834E-EE065FC7C106}.Release|Any CPU.ActiveCfg = Release|Any CPU
		{6997DBF5-B517-4FE8-834E-EE065FC7C106}.Release|Any CPU.Build.0 = Release|Any CPU
		{6997DBF5-B517-4FE8-834E-EE065FC7C106}.Release|x64.ActiveCfg = Release|Any CPU
		{6997DBF5-B517-4FE8-834E-EE065FC7C106}.Release|x64.Build.0 = Release|Any CPU
		{6997DBF5-B517-4FE8-834E-EE065FC7C106}.Release|x86.ActiveCfg = Release|Any CPU
		{6997DBF5-B517-4FE8-834E-EE065FC7C106}.Release|x86.Build.0 = Release|Any CPU
	EndGlobalSection
	GlobalSection(NestedProjects) = preSolution
		{B50A3A9D-A7A7-4BA3-AB63-742DEABFD501} = {A052E09A-0E77-41AB-8D73-6455F4AAFCF8}
		{6997DBF5-B517-4FE8-834E-EE065FC7C106} = {E3D8C2CB-DFEC-40C2-A4A0-0F03368F09AE}
	EndGlobalSection
EndGlobal
